
Microsoft Visual Studio Solution File, Format Version 12.00
Project("{FAE04EC0-301F-11D3-BF4B-00C04F79EFBC}") = "KafkaBananaEater", "KafkaBananaEater\KafkaBananaEater.csproj", "{DCDDED57-DEE2-4223-8EE1-9E6083C79493}"
EndProject
Project("{FAE04EC0-301F-11D3-BF4B-00C04F79EFBC}") = "KafkaBananaStore", "KafkaBananaStore\KafkaBananaStore.csproj", "{84B80902-0B74-44F0-9243-BB3F8863EE16}"
EndProject
Global
	GlobalSection(SolutionConfigurationPlatforms) = preSolution
		Debug|Any CPU = Debug|Any CPU
		Release|Any CPU = Release|Any CPU
	EndGlobalSection
	GlobalSection(ProjectConfigurationPlatforms) = postSolution
		{DCDDED57-DEE2-4223-8EE1-9E6083C79493}.Debug|Any CPU.ActiveCfg = Debug|Any CPU
		{DCDDED57-DEE2-4223-8EE1-9E6083C79493}.Debug|Any CPU.Build.0 = Debug|Any CPU
		{DCDDED57-DEE2-4223-8EE1-9E6083C79493}.Release|Any CPU.ActiveCfg = Release|Any CPU
		{DCDDED57-DEE2-4223-8EE1-9E6083C79493}.Release|Any CPU.Build.0 = Release|Any CPU
		{84B80902-0B74-44F0-9243-BB3F8863EE16}.Debug|Any CPU.ActiveCfg = Debug|Any CPU
		{84B80902-0B74-44F0-9243-BB3F8863EE16}.Debug|Any CPU.Build.0 = Debug|Any CPU
		{84B80902-0B74-44F0-9243-BB3F8863EE16}.Release|Any CPU.ActiveCfg = Release|Any CPU
		{84B80902-0B74-44F0-9243-BB3F8863EE16}.Release|Any CPU.Build.0 = Release|Any CPU
	EndGlobalSection
EndGlobal
